Microsoft Visual Studio Solution File, Format Version 11.00
# Visual Studio 2008

Project("{9FBA1E87-744F-ECC6-7FE1-F4A2CE6DFD01}") = "SquirrelSuitFlyer", "Assembly-CSharp-firstpass-vs.csproj", "{DE115AEC-5FB8-4F22-4604-11E3EC0E43E6}"
EndProject
Global
	GlobalSection(SolutionConfigurationPlatforms) = preSolution
		Debug|Any CPU = Debug|Any CPU
		Release|Any CPU = Release|Any CPU
	EndGlobalSection
	GlobalSection(ProjectConfigurationPlatforms) = postSolution
		{DE115AEC-5FB8-4F22-4604-11E3EC0E43E6}.Debug|Any CPU.ActiveCfg = Debug|Any CPU
		{DE115AEC-5FB8-4F22-4604-11E3EC0E43E6}.Debug|Any CPU.Build.0 = Debug|Any CPU
		{DE115AEC-5FB8-4F22-4604-11E3EC0E43E6}.Release|Any CPU.ActiveCfg = Release|Any CPU
		{DE115AEC-5FB8-4F22-4604-11E3EC0E43E6}.Release|Any CPU.Build.0 = Release|Any CPU
	EndGlobalSection
	GlobalSection(SolutionProperties) = preSolution
		HideSolutionNode = FALSE
	EndGlobalSection
																							GlobalSection(MonoDevelopProperties) = preSolution
		StartupItem = Assembly-CSharp.csproj
		Policies = $0
		$0.TextStylePolicy = $1
		$1.inheritsSet = null
		$1.scope = text/x-csharp
		$0.CSharpFormattingPolicy = $2
		$2.inheritsSet = Mono
		$2.inheritsScope = text/x-csharp
		$2.scope = text/x-csharp
		$0.TextStylePolicy = $3
		$3.FileWidth = 120
		$3.TabWidth = 4
		$3.EolMarker = Unix
		$3.inheritsSet = Mono
		$3.inheritsScope = text/plain
		$3.scope = text/plain
	EndGlobalSection

EndGlobal
